---
lockVersion: 1.0.0
dependencies:
  codeql/controlflow:
    version: 2.0.2
  codeql/dataflow:
    version: 2.0.2
  codeql/mad:
    version: 1.0.18
  codeql/regex:
    version: 1.0.18
  codeql/ssa:
    version: 1.0.18
  codeql/swift-all:
    version: 4.1.1
  codeql/tutorial:
    version: 1.0.18
  codeql/typetracking:
    version: 2.0.2
  codeql/util:
    version: 2.0.5
compiled: false
